// !$*UTF8*$!
{
	archiveVersion = 1;
	classes = {
	};
	objectVersion = 46;
	objects = {

/* Begin PBXBuildFile section */
		2210A37B1AFDF66800D9CA1A /* GroupApi.m in Sources */ = {isa = PBXBuildFile; fileRef = 2210A37A1AFDF66800D9CA1A /* GroupApi.m */; };
		2210A37E1AFDF84900D9CA1A /* Group.m in Sources */ = {isa = PBXBuildFile; fileRef = 2210A37D1AFDF84900D9CA1A /* Group.m */; };
		2210A3801AFE2B4500D9CA1A /* DemoView.xib in Resources */ = {isa = PBXBuildFile; fileRef = 2210A37F1AFE2B4500D9CA1A /* DemoView.xib */; };
		2210A3871AFE51BD00D9CA1A /* GroupDetailViewController.m in Sources */ = {isa = PBXBuildFile; fileRef = 2210A3851AFE51BD00D9CA1A /* GroupDetailViewController.m */; };
		2210A38B1AFEE1F800D9CA1A /* LXWebViewController.m in Sources */ = {isa = PBXBuildFile; fileRef = 2210A38A1AFEE1F800D9CA1A /* LXWebViewController.m */; };
		2210A38E1AFEEEFF00D9CA1A /* www in Resources */ = {isa = PBXBuildFile; fileRef = 2210A38D1AFEEEFF00D9CA1A /* www */; };
		22238C1B1AF64F02000B4F95 /* Channels.m in Sources */ = {isa = PBXBuildFile; fileRef = 22238C1A1AF64F02000B4F95 /* Channels.m */; };
		22238C1E1AF66941000B4F95 /* ChannelViewController.m in Sources */ = {isa = PBXBuildFile; fileRef = 22238C1D1AF66941000B4F95 /* ChannelViewController.m */; };
		22238C541AFBACA5000B4F95 /* BannerApi.m in Sources */ = {isa = PBXBuildFile; fileRef = 22238C531AFBACA5000B4F95 /* BannerApi.m */; };
		22238C571AFBAE30000B4F95 /* ApiBase.m in Sources */ = {isa = PBXBuildFile; fileRef = 22238C561AFBAE30000B4F95 /* ApiBase.m */; };
		223267C61AF2661B00431132 /* main.m in Sources */ = {isa = PBXBuildFile; fileRef = 223267C51AF2661B00431132 /* main.m */; };
		223267C91AF2661B00431132 /* AppDelegate.m in Sources */ = {isa = PBXBuildFile; fileRef = 223267C81AF2661B00431132 /* AppDelegate.m */; };
		223267CC1AF2661B00431132 /* HomeViewController.m in Sources */ = {isa = PBXBuildFile; fileRef = 223267CB1AF2661B00431132 /* HomeViewController.m */; };
		223267D11AF2661B00431132 /* Images.xcassets in Resources */ = {isa = PBXBuildFile; fileRef = 223267D01AF2661B00431132 /* Images.xcassets */; };
		223267D41AF2661B00431132 /* LaunchScreen.xib in Resources */ = {isa = PBXBuildFile; fileRef = 223267D21AF2661B00431132 /* LaunchScreen.xib */; };
		223267E01AF2661B00431132 /* LiangxinTests.m in Sources */ = {isa = PBXBuildFile; fileRef = 223267DF1AF2661B00431132 /* LiangxinTests.m */; };
		2293F9FF1AF50A1A0012CD10 /* TAAbstractDotView.m in Sources */ = {isa = PBXBuildFile; fileRef = 2293F9F81AF50A1A0012CD10 /* TAAbstractDotView.m */; };
		2293FA001AF50A1A0012CD10 /* TAAnimatedDotView.m in Sources */ = {isa = PBXBuildFile; fileRef = 2293F9FA1AF50A1A0012CD10 /* TAAnimatedDotView.m */; };
		2293FA011AF50A1A0012CD10 /* TADotView.m in Sources */ = {isa = PBXBuildFile; fileRef = 2293F9FC1AF50A1A0012CD10 /* TADotView.m */; };
		2293FA021AF50A1A0012CD10 /* TAPageControl.m in Sources */ = {isa = PBXBuildFile; fileRef = 2293F9FE1AF50A1A0012CD10 /* TAPageControl.m */; };
		2293FA061AF50B550012CD10 /* BannerModel.m in Sources */ = {isa = PBXBuildFile; fileRef = 2293FA051AF50B550012CD10 /* BannerModel.m */; };
		2293FA091AF5DBF20012CD10 /* GroupViewController.m in Sources */ = {isa = PBXBuildFile; fileRef = 2293FA081AF5DBF20012CD10 /* GroupViewController.m */; };
		22F69A861AF31DF100DC295D /* SwitchBanner.m in Sources */ = {isa = PBXBuildFile; fileRef = 22F69A851AF31DF100DC295D /* SwitchBanner.m */; };
		9073049D9796F236635CB35B /* libPods.a in Frameworks */ = {isa = PBXBuildFile; fileRef = 749E78FDB631FDC0769D75E2 /* libPods.a */; };
/* End PBXBuildFile section */

/* Begin PBXContainerItemProxy section */
		223267DA1AF2661B00431132 /* PBXContainerItemProxy */ = {
			isa = PBXContainerItemProxy;
			containerPortal = 223267B81AF2661B00431132 /* Project object */;
			proxyType = 1;
			remoteGlobalIDString = 223267BF1AF2661B00431132;
			remoteInfo = Liangxin;
		};
/* End PBXContainerItemProxy section */

/* Begin PBXFileReference section */
		2210A3791AFDF66800D9CA1A /* GroupApi.h */ = {isa = PBXFileReference; fileEncoding = 4; lastKnownFileType = sourcecode.c.h; path = GroupApi.h; sourceTree = "<group>"; };
		2210A37A1AFDF66800D9CA1A /* GroupApi.m */ = {isa = PBXFileReference; fileEncoding = 4; lastKnownFileType = sourcecode.c.objc; path = GroupApi.m; sourceTree = "<group>"; };
		2210A37C1AFDF84900D9CA1A /* Group.h */ = {isa = PBXFileReference; fileEncoding = 4; lastKnownFileType = sourcecode.c.h; path = Group.h; sourceTree = "<group>"; };
		2210A37D1AFDF84900D9CA1A /* Group.m */ = {isa = PBXFileReference; fileEncoding = 4; lastKnownFileType = sourcecode.c.objc; path = Group.m; sourceTree = "<group>"; };
		2210A37F1AFE2B4500D9CA1A /* DemoView.xib */ = {isa = PBXFileReference; fileEncoding = 4; lastKnownFileType = file.xib; path = DemoView.xib; sourceTree = "<group>"; };
		2210A3841AFE51BD00D9CA1A /* GroupDetailViewController.h */ = {isa = PBXFileReference; fileEncoding = 4; lastKnownFileType = sourcecode.c.h; path = GroupDetailViewController.h; sourceTree = "<group>"; };
		2210A3851AFE51BD00D9CA1A /* GroupDetailViewController.m */ = {isa = PBXFileReference; fileEncoding = 4; lastKnownFileType = sourcecode.c.objc; path = GroupDetailViewController.m; sourceTree = "<group>"; };
		2210A3891AFEE1F800D9CA1A /* LXWebViewController.h */ = {isa = PBXFileReference; fileEncoding = 4; lastKnownFileType = sourcecode.c.h; path = LXWebViewController.h; sourceTree = "<group>"; };
		2210A38A1AFEE1F800D9CA1A /* LXWebViewController.m */ = {isa = PBXFileReference; fileEncoding = 4; lastKnownFileType = sourcecode.c.objc; path = LXWebViewController.m; sourceTree = "<group>"; };
		2210A38D1AFEEEFF00D9CA1A /* www */ = {isa = PBXFileReference; lastKnownFileType = folder; path = www; sourceTree = "<group>"; };
		22238C191AF64F02000B4F95 /* Channels.h */ = {isa = PBXFileReference; fileEncoding = 4; lastKnownFileType = sourcecode.c.h; path = Channels.h; sourceTree = "<group>"; };
		22238C1A1AF64F02000B4F95 /* Channels.m */ = {isa = PBXFileReference; fileEncoding = 4; lastKnownFileType = sourcecode.c.objc; path = Channels.m; sourceTree = "<group>"; };
		22238C1C1AF66941000B4F95 /* ChannelViewController.h */ = {isa = PBXFileReference; fileEncoding = 4; lastKnownFileType = sourcecode.c.h; path = ChannelViewController.h; sourceTree = "<group>"; };
		22238C1D1AF66941000B4F95 /* ChannelViewController.m */ = {isa = PBXFileReference; fileEncoding = 4; lastKnownFileType = sourcecode.c.objc; path = ChannelViewController.m; sourceTree = "<group>"; };
		22238C521AFBACA5000B4F95 /* BannerApi.h */ = {isa = PBXFileReference; fileEncoding = 4; lastKnownFileType = sourcecode.c.h; path = BannerApi.h; sourceTree = "<group>"; };
		22238C531AFBACA5000B4F95 /* BannerApi.m */ = {isa = PBXFileReference; fileEncoding = 4; lastKnownFileType = sourcecode.c.objc; path = BannerApi.m; sourceTree = "<group>"; };
		22238C551AFBAE30000B4F95 /* ApiBase.h */ = {isa = PBXFileReference; fileEncoding = 4; lastKnownFileType = sourcecode.c.h; path = ApiBase.h; sourceTree = "<group>"; };
		22238C561AFBAE30000B4F95 /* ApiBase.m */ = {isa = PBXFileReference; fileEncoding = 4; lastKnownFileType = sourcecode.c.objc; path = ApiBase.m; sourceTree = "<group>"; };
		2225EFFE1AF4591E007A6BB2 /* Definition.h */ = {isa = PBXFileReference; fileEncoding = 4; lastKnownFileType = sourcecode.c.h; path = Definition.h; sourceTree = "<group>"; };
		223267C01AF2661B00431132 /* Liangxin.app */ = {isa = PBXFileReference; explicitFileType = wrapper.application; includeInIndex = 0; path = Liangxin.app; sourceTree = BUILT_PRODUCTS_DIR; };
		223267C41AF2661B00431132 /* Info.plist */ = {isa = PBXFileReference; lastKnownFileType = text.plist.xml; path = Info.plist; sourceTree = "<group>"; };
		223267C51AF2661B00431132 /* main.m */ = {isa = PBXFileReference; lastKnownFileType = sourcecode.c.objc; path = main.m; sourceTree = "<group>"; };
		223267C71AF2661B00431132 /* AppDelegate.h */ = {isa = PBXFileReference; lastKnownFileType = sourcecode.c.h; path = AppDelegate.h; sourceTree = "<group>"; };
		223267C81AF2661B00431132 /* AppDelegate.m */ = {isa = PBXFileReference; lastKnownFileType = sourcecode.c.objc; path = AppDelegate.m; sourceTree = "<group>"; };
		223267CA1AF2661B00431132 /* HomeViewController.h */ = {isa = PBXFileReference; lastKnownFileType = sourcecode.c.h; path = HomeViewController.h; sourceTree = "<group>"; };
		223267CB1AF2661B00431132 /* HomeViewController.m */ = {isa = PBXFileReference; lastKnownFileType = sourcecode.c.objc; path = HomeViewController.m; sourceTree = "<group>"; };
		223267D01AF2661B00431132 /* Images.xcassets */ = {isa = PBXFileReference; lastKnownFileType = folder.assetcatalog; path = Images.xcassets; sourceTree = "<group>"; };
		223267D31AF2661B00431132 /* Base */ = {isa = PBXFileReference; lastKnownFileType = file.xib; name = Base; path = Base.lproj/LaunchScreen.xib; sourceTree = "<group>"; };
		223267D91AF2661B00431132 /* LiangxinTests.xctest */ = {isa = PBXFileReference; explicitFileType = wrapper.cfbundle; includeInIndex = 0; path = LiangxinTests.xctest; sourceTree = BUILT_PRODUCTS_DIR; };
		223267DE1AF2661B00431132 /* Info.plist */ = {isa = PBXFileReference; lastKnownFileType = text.plist.xml; path = Info.plist; sourceTree = "<group>"; };
		223267DF1AF2661B00431132 /* LiangxinTests.m */ = {isa = PBXFileReference; lastKnownFileType = sourcecode.c.objc; path = LiangxinTests.m; sourceTree = "<group>"; };
		2293F9F71AF50A1A0012CD10 /* TAAbstractDotView.h */ = {isa = PBXFileReference; fileEncoding = 4; lastKnownFileType = sourcecode.c.h; path = TAAbstractDotView.h; sourceTree = "<group>"; };
		2293F9F81AF50A1A0012CD10 /* TAAbstractDotView.m */ = {isa = PBXFileReference; fileEncoding = 4; lastKnownFileType = sourcecode.c.objc; path = TAAbstractDotView.m; sourceTree = "<group>"; };
		2293F9F91AF50A1A0012CD10 /* TAAnimatedDotView.h */ = {isa = PBXFileReference; fileEncoding = 4; lastKnownFileType = sourcecode.c.h; path = TAAnimatedDotView.h; sourceTree = "<group>"; };
		2293F9FA1AF50A1A0012CD10 /* TAAnimatedDotView.m */ = {isa = PBXFileReference; fileEncoding = 4; lastKnownFileType = sourcecode.c.objc; path = TAAnimatedDotView.m; sourceTree = "<group>"; };
		2293F9FB1AF50A1A0012CD10 /* TADotView.h */ = {isa = PBXFileReference; fileEncoding = 4; lastKnownFileType = sourcecode.c.h; path = TADotView.h; sourceTree = "<group>"; };
		2293F9FC1AF50A1A0012CD10 /* TADotView.m */ = {isa = PBXFileReference; fileEncoding = 4; lastKnownFileType = sourcecode.c.objc; path = TADotView.m; sourceTree = "<group>"; };
		2293F9FD1AF50A1A0012CD10 /* TAPageControl.h */ = {isa = PBXFileReference; fileEncoding = 4; lastKnownFileType = sourcecode.c.h; path = TAPageControl.h; sourceTree = "<group>"; };
		2293F9FE1AF50A1A0012CD10 /* TAPageControl.m */ = {isa = PBXFileReference; fileEncoding = 4; lastKnownFileType = sourcecode.c.objc; path = TAPageControl.m; sourceTree = "<group>"; };
		2293FA041AF50B550012CD10 /* BannerModel.h */ = {isa = PBXFileReference; fileEncoding = 4; lastKnownFileType = sourcecode.c.h; path = BannerModel.h; sourceTree = "<group>"; };
		2293FA051AF50B550012CD10 /* BannerModel.m */ = {isa = PBXFileReference; fileEncoding = 4; lastKnownFileType = sourcecode.c.objc; path = BannerModel.m; sourceTree = "<group>"; };
		2293FA071AF5DBF20012CD10 /* GroupViewController.h */ = {isa = PBXFileReference; fileEncoding = 4; lastKnownFileType = sourcecode.c.h; path = GroupViewController.h; sourceTree = "<group>"; };
		2293FA081AF5DBF20012CD10 /* GroupViewController.m */ = {isa = PBXFileReference; fileEncoding = 4; lastKnownFileType = sourcecode.c.objc; path = GroupViewController.m; sourceTree = "<group>"; };
		22F69A841AF31DF100DC295D /* SwitchBanner.h */ = {isa = PBXFileReference; fileEncoding = 4; lastKnownFileType = sourcecode.c.h; path = SwitchBanner.h; sourceTree = "<group>"; };
		22F69A851AF31DF100DC295D /* SwitchBanner.m */ = {isa = PBXFileReference; fileEncoding = 4; lastKnownFileType = sourcecode.c.objc; path = SwitchBanner.m; sourceTree = "<group>"; };
		3CB410544CD4D7ABDFD79BB5 /* Pods.debug.xcconfig */ = {isa = PBXFileReference; includeInIndex = 1; lastKnownFileType = text.xcconfig; name = Pods.debug.xcconfig; path = "Pods/Target Support Files/Pods/Pods.debug.xcconfig"; sourceTree = "<group>"; };
		749E78FDB631FDC0769D75E2 /* libPods.a */ = {isa = PBXFileReference; explicitFileType = archive.ar; includeInIndex = 0; path = libPods.a; sourceTree = BUILT_PRODUCTS_DIR; };
		EA660F51A7D667456EB9C6B8 /* Pods.release.xcconfig */ = {isa = PBXFileReference; includeInIndex = 1; lastKnownFileType = text.xcconfig; name = Pods.release.xcconfig; path = "Pods/Target Support Files/Pods/Pods.release.xcconfig"; sourceTree = "<group>"; };
/* End PBXFileReference section */

/* Begin PBXFrameworksBuildPhase section */
		223267BD1AF2661B00431132 /* Frameworks */ = {
			isa = PBXFrameworksBuildPhase;
			buildActionMask = 2147483647;
			files = (
				9073049D9796F236635CB35B /* libPods.a in Frameworks */,
			);
			runOnlyForDeploymentPostprocessing = 0;
		};
		223267D61AF2661B00431132 /* Frameworks */ = {
			isa = PBXFrameworksBuildPhase;
			buildActionMask = 2147483647;
			files = (
			);
			runOnlyForDeploymentPostprocessing = 0;
		};
/* End PBXFrameworksBuildPhase section */

/* Begin PBXGroup section */
		098BF1C8DD010D2BA28A633B /* Frameworks */ = {
			isa = PBXGroup;
			children = (
				749E78FDB631FDC0769D75E2 /* libPods.a */,
			);
			name = Frameworks;
			sourceTree = "<group>";
		};
		22238C511AFBAC74000B4F95 /* Api */ = {
			isa = PBXGroup;
			children = (
				22238C521AFBACA5000B4F95 /* BannerApi.h */,
				22238C531AFBACA5000B4F95 /* BannerApi.m */,
				22238C551AFBAE30000B4F95 /* ApiBase.h */,
				22238C561AFBAE30000B4F95 /* ApiBase.m */,
				2210A3791AFDF66800D9CA1A /* GroupApi.h */,
				2210A37A1AFDF66800D9CA1A /* GroupApi.m */,
			);
			name = Api;
			sourceTree = "<group>";
		};
		223267B71AF2661B00431132 = {
			isa = PBXGroup;
			children = (
				223267C21AF2661B00431132 /* Liangxin */,
				223267DC1AF2661B00431132 /* LiangxinTests */,
				223267C11AF2661B00431132 /* Products */,
				F41337B7084173F8F4E37747 /* Pods */,
				098BF1C8DD010D2BA28A633B /* Frameworks */,
			);
			sourceTree = "<group>";
		};
		223267C11AF2661B00431132 /* Products */ = {
			isa = PBXGroup;
			children = (
				223267C01AF2661B00431132 /* Liangxin.app */,
				223267D91AF2661B00431132 /* LiangxinTests.xctest */,
			);
			name = Products;
			sourceTree = "<group>";
		};
		223267C21AF2661B00431132 /* Liangxin */ = {
			isa = PBXGroup;
			children = (
				22238C511AFBAC74000B4F95 /* Api */,
				2293FA031AF50B2C0012CD10 /* Model */,
				2293F9F61AF50A1A0012CD10 /* TAPageControl */,
				22F69A831AF31DC300DC295D /* Widgets */,
				223267C71AF2661B00431132 /* AppDelegate.h */,
				223267C81AF2661B00431132 /* AppDelegate.m */,
				2210A38D1AFEEEFF00D9CA1A /* www */,
				223267CA1AF2661B00431132 /* HomeViewController.h */,
				223267CB1AF2661B00431132 /* HomeViewController.m */,
				223267D01AF2661B00431132 /* Images.xcassets */,
				223267D21AF2661B00431132 /* LaunchScreen.xib */,
				223267C31AF2661B00431132 /* Supporting Files */,
				2225EFFE1AF4591E007A6BB2 /* Definition.h */,
				2293FA071AF5DBF20012CD10 /* GroupViewController.h */,
				2293FA081AF5DBF20012CD10 /* GroupViewController.m */,
				22238C1C1AF66941000B4F95 /* ChannelViewController.h */,
				22238C1D1AF66941000B4F95 /* ChannelViewController.m */,
				2210A37F1AFE2B4500D9CA1A /* DemoView.xib */,
				2210A3841AFE51BD00D9CA1A /* GroupDetailViewController.h */,
				2210A3851AFE51BD00D9CA1A /* GroupDetailViewController.m */,
				2210A3891AFEE1F800D9CA1A /* LXWebViewController.h */,
				2210A38A1AFEE1F800D9CA1A /* LXWebViewController.m */,
			);
			path = Liangxin;
			sourceTree = "<group>";
		};
		223267C31AF2661B00431132 /* Supporting Files */ = {
			isa = PBXGroup;
			children = (
				223267C41AF2661B00431132 /* Info.plist */,
				223267C51AF2661B00431132 /* main.m */,
			);
			name = "Supporting Files";
			sourceTree = "<group>";
		};
		223267DC1AF2661B00431132 /* LiangxinTests */ = {
			isa = PBXGroup;
			children = (
				223267DF1AF2661B00431132 /* LiangxinTests.m */,
				223267DD1AF2661B00431132 /* Supporting Files */,
			);
			path = LiangxinTests;
			sourceTree = "<group>";
		};
		223267DD1AF2661B00431132 /* Supporting Files */ = {
			isa = PBXGroup;
			children = (
				223267DE1AF2661B00431132 /* Info.plist */,
			);
			name = "Supporting Files";
			sourceTree = "<group>";
		};
		2293F9F61AF50A1A0012CD10 /* TAPageControl */ = {
			isa = PBXGroup;
			children = (
				2293F9F71AF50A1A0012CD10 /* TAAbstractDotView.h */,
				2293F9F81AF50A1A0012CD10 /* TAAbstractDotView.m */,
				2293F9F91AF50A1A0012CD10 /* TAAnimatedDotView.h */,
				2293F9FA1AF50A1A0012CD10 /* TAAnimatedDotView.m */,
				2293F9FB1AF50A1A0012CD10 /* TADotView.h */,
				2293F9FC1AF50A1A0012CD10 /* TADotView.m */,
				2293F9FD1AF50A1A0012CD10 /* TAPageControl.h */,
				2293F9FE1AF50A1A0012CD10 /* TAPageControl.m */,
			);
			name = TAPageControl;
			path = "../../../../Downloads/TAPageControl-master 4/TAPageControl";
			sourceTree = "<group>";
		};
		2293FA031AF50B2C0012CD10 /* Model */ = {
			isa = PBXGroup;
			children = (
				2293FA041AF50B550012CD10 /* BannerModel.h */,
				2293FA051AF50B550012CD10 /* BannerModel.m */,
				22238C191AF64F02000B4F95 /* Channels.h */,
				22238C1A1AF64F02000B4F95 /* Channels.m */,
				2210A37C1AFDF84900D9CA1A /* Group.h */,
				2210A37D1AFDF84900D9CA1A /* Group.m */,
			);
			name = Model;
			sourceTree = "<group>";
		};
		22F69A831AF31DC300DC295D /* Widgets */ = {
			isa = PBXGroup;
			children = (
				22F69A841AF31DF100DC295D /* SwitchBanner.h */,
				22F69A851AF31DF100DC295D /* SwitchBanner.m */,
			);
			name = Widgets;
			sourceTree = "<group>";
		};
		F41337B7084173F8F4E37747 /* Pods */ = {
			isa = PBXGroup;
			children = (
				3CB410544CD4D7ABDFD79BB5 /* Pods.debug.xcconfig */,
				EA660F51A7D667456EB9C6B8 /* Pods.release.xcconfig */,
			);
			name = Pods;
			sourceTree = "<group>";
		};
/* End PBXGroup section */

/* Begin PBXNativeTarget section */
		223267BF1AF2661B00431132 /* Liangxin */ = {
			isa = PBXNativeTarget;
			buildConfigurationList = 223267E31AF2661B00431132 /* Build configuration list for PBXNativeTarget "Liangxin" */;
			buildPhases = (
				6BF833AB3896044568595B59 /* Check Pods Manifest.lock */,
				223267BC1AF2661B00431132 /* Sources */,
				223267BD1AF2661B00431132 /* Frameworks */,
				223267BE1AF2661B00431132 /* Resources */,
				CEF473974E9EF0D15F8374E9 /* Copy Pods Resources */,
			);
			buildRules = (
			);
			dependencies = (
			);
			name = Liangxin;
			productName = Liangxin;
			productReference = 223267C01AF2661B00431132 /* Liangxin.app */;
			productType = "com.apple.product-type.application";
		};
		223267D81AF2661B00431132 /* LiangxinTests */ = {
			isa = PBXNativeTarget;
			buildConfigurationList = 223267E61AF2661B00431132 /* Build configuration list for PBXNativeTarget "LiangxinTests" */;
			buildPhases = (
				223267D51AF2661B00431132 /* Sources */,
				223267D61AF2661B00431132 /* Frameworks */,
				223267D71AF2661B00431132 /* Resources */,
			);
			buildRules = (
			);
			dependencies = (
				223267DB1AF2661B00431132 /* PBXTargetDependency */,
			);
			name = LiangxinTests;
			productName = LiangxinTests;
			productReference = 223267D91AF2661B00431132 /* LiangxinTests.xctest */;
			productType = "com.apple.product-type.bundle.unit-test";
		};
/* End PBXNativeTarget section */

/* Begin PBXProject section */
		223267B81AF2661B00431132 /* Project object */ = {
			isa = PBXProject;
			attributes = {
				LastUpgradeCheck = 0630;
				ORGANIZATIONNAME = "Hsu Spud";
				TargetAttributes = {
					223267BF1AF2661B00431132 = {
						CreatedOnToolsVersion = 6.3.1;
					};
					223267D81AF2661B00431132 = {
						CreatedOnToolsVersion = 6.3.1;
						TestTargetID = 223267BF1AF2661B00431132;
					};
				};
			};
			buildConfigurationList = 223267BB1AF2661B00431132 /* Build configuration list for PBXProject "Liangxin" */;
			compatibilityVersion = "Xcode 3.2";
			developmentRegion = English;
			hasScannedForEncodings = 0;
			knownRegions = (
				en,
				Base,
			);
			mainGroup = 223267B71AF2661B00431132;
			productRefGroup = 223267C11AF2661B00431132 /* Products */;
			projectDirPath = "";
			projectRoot = "";
			targets = (
				223267BF1AF2661B00431132 /* Liangxin */,
				223267D81AF2661B00431132 /* LiangxinTests */,
			);
		};
/* End PBXProject section */

/* Begin PBXResourcesBuildPhase section */
		223267BE1AF2661B00431132 /* Resources */ = {
			isa = PBXResourcesBuildPhase;
			buildActionMask = 2147483647;
			files = (
				223267D41AF2661B00431132 /* LaunchScreen.xib in Resources */,
				2210A3801AFE2B4500D9CA1A /* DemoView.xib in Resources */,
				2210A38E1AFEEEFF00D9CA1A /* www in Resources */,
				223267D11AF2661B00431132 /* Images.xcassets in Resources */,
			);
			runOnlyForDeploymentPostprocessing = 0;
		};
		223267D71AF2661B00431132 /* Resources */ = {
			isa = PBXResourcesBuildPhase;
			buildActionMask = 2147483647;
			files = (
			);
			runOnlyForDeploymentPostprocessing = 0;
		};
/* End PBXResourcesBuildPhase section */

/* Begin PBXShellScriptBuildPhase section */
		6BF833AB3896044568595B59 /* Check Pods Manifest.lock */ = {
			isa = PBXShellScriptBuildPhase;
			buildActionMask = 2147483647;
			files = (
			);
			inputPaths = (
			);
			name = "Check Pods Manifest.lock";
			outputPaths = (
			);
			runOnlyForDeploymentPostprocessing = 0;
			shellPath = /bin/sh;
			shellScript = "diff \"${PODS_ROOT}/../Podfile.lock\" \"${PODS_ROOT}/Manifest.lock\" > /dev/null\nif [[ $? != 0 ]] ; then\n    cat << EOM\nerror: The sandbox is not in sync with the Podfile.lock. Run 'pod install' or update your CocoaPods installation.\nEOM\n    exit 1\nfi\n";
			showEnvVarsInLog = 0;
		};
		CEF473974E9EF0D15F8374E9 /* Copy Pods Resources */ = {
			isa = PBXShellScriptBuildPhase;
			buildActionMask = 2147483647;
			files = (
			);
			inputPaths = (
			);
			name = "Copy Pods Resources";
			outputPaths = (
			);
			runOnlyForDeploymentPostprocessing = 0;
			shellPath = /bin/sh;
			shellScript = "\"${SRCROOT}/Pods/Target Support Files/Pods/Pods-resources.sh\"\n";
			showEnvVarsInLog = 0;
		};
/* End PBXShellScriptBuildPhase section */

/* Begin PBXSourcesBuildPhase section */
		223267BC1AF2661B00431132 /* Sources */ = {
			isa = PBXSourcesBuildPhase;
			buildActionMask = 2147483647;
			files = (
				223267CC1AF2661B00431132 /* HomeViewController.m in Sources */,
				22238C1B1AF64F02000B4F95 /* Channels.m in Sources */,
				2293FA011AF50A1A0012CD10 /* TADotView.m in Sources */,
				2210A38B1AFEE1F800D9CA1A /* LXWebViewController.m in Sources */,
				2293F9FF1AF50A1A0012CD10 /* TAAbstractDotView.m in Sources */,
				22238C541AFBACA5000B4F95 /* BannerApi.m in Sources */,
				2293FA001AF50A1A0012CD10 /* TAAnimatedDotView.m in Sources */,
				2210A3871AFE51BD00D9CA1A /* GroupDetailViewController.m in Sources */,
				22F69A861AF31DF100DC295D /* SwitchBanner.m in Sources */,
				22238C1E1AF66941000B4F95 /* ChannelViewController.m in Sources */,
				2210A37B1AFDF66800D9CA1A /* GroupApi.m in Sources */,
				2293FA021AF50A1A0012CD10 /* TAPageControl.m in Sources */,
				223267C91AF2661B00431132 /* AppDelegate.m in Sources */,
				2293FA061AF50B550012CD10 /* BannerModel.m in Sources */,
				2293FA091AF5DBF20012CD10 /* GroupViewController.m in Sources */,
				223267C61AF2661B00431132 /* main.m in Sources */,
				22238C571AFBAE30000B4F95 /* ApiBase.m in Sources */,
				2210A37E1AFDF84900D9CA1A /* Group.m in Sources */,
			);
			runOnlyForDeploymentPostprocessing = 0;
		};
		223267D51AF2661B00431132 /* Sources */ = {
			isa = PBXSourcesBuildPhase;
			buildActionMask = 2147483647;
			files = (
				223267E01AF2661B00431132 /* LiangxinTests.m in Sources */,
			);
			runOnlyForDeploymentPostprocessing = 0;
		};
/* End PBXSourcesBuildPhase section */

/* Begin PBXTargetDependency section */
		223267DB1AF2661B00431132 /* PBXTargetDependency */ = {
			isa = PBXTargetDependency;
			target = 223267BF1AF2661B00431132 /* Liangxin */;
			targetProxy = 223267DA1AF2661B00431132 /* PBXContainerItemProxy */;
		};
/* End PBXTargetDependency section */

/* Begin PBXVariantGroup section */
		223267D21AF2661B00431132 /* LaunchScreen.xib */ = {
			isa = PBXVariantGroup;
			children = (
				223267D31AF2661B00431132 /* Base */,
			);
			name = LaunchScreen.xib;
			sourceTree = "<group>";
		};
/* End PBXVariantGroup section */

/* Begin XCBuildConfiguration section */
		223267E11AF2661B00431132 /* Debug */ = {
			isa = XCBuildConfiguration;
			buildSettings = {
				ALWAYS_SEARCH_USER_PATHS = NO;
				CLANG_CXX_LANGUAGE_STANDARD = "gnu++0x";
				CLANG_CXX_LIBRARY = "libc++";
				CLANG_ENABLE_MODULES = YES;
				CLANG_ENABLE_OBJC_ARC = YES;
				CLANG_WARN_BOOL_CONVERSION = YES;
				CLANG_WARN_CONSTANT_CONVERSION = YES;
				CLANG_WARN_DIRECT_OBJC_ISA_USAGE = YES_ERROR;
				CLANG_WARN_EMPTY_BODY = YES;
				CLANG_WARN_ENUM_CONVERSION = YES;
				CLANG_WARN_INT_CONVERSION = YES;
				CLANG_WARN_OBJC_ROOT_CLASS = YES_ERROR;
				CLANG_WARN_UNREACHABLE_CODE = YES;
				CLANG_WARN__DUPLICATE_METHOD_MATCH = YES;
				"CODE_SIGN_IDENTITY[sdk=iphoneos*]" = "iPhone Developer";
				COPY_PHASE_STRIP = NO;
				DEBUG_INFORMATION_FORMAT = "dwarf-with-dsym";
				ENABLE_STRICT_OBJC_MSGSEND = YES;
				GCC_C_LANGUAGE_STANDARD = gnu99;
				GCC_DYNAMIC_NO_PIC = NO;
				GCC_NO_COMMON_BLOCKS = YES;
				GCC_OPTIMIZATION_LEVEL = 0;
				GCC_PREPROCESSOR_DEFINITIONS = (
					"DEBUG=1",
					"$(inherited)",
				);
				GCC_SYMBOLS_PRIVATE_EXTERN = NO;
				GCC_WARN_64_TO_32_BIT_CONVERSION = YES;
				GCC_WARN_ABOUT_RETURN_TYPE = YES_ERROR;
				GCC_WARN_UNDECLARED_SELECTOR = YES;
				GCC_WARN_UNINITIALIZED_AUTOS = YES_AGGRESSIVE;
				GCC_WARN_UNUSED_FUNCTION = YES;
				GCC_WARN_UNUSED_VARIABLE = YES;
				IPHONEOS_DEPLOYMENT_TARGET = 8.3;
				MTL_ENABLE_DEBUG_INFO = YES;
				ONLY_ACTIVE_ARCH = YES;
				SDKROOT = iphoneos;
			};
			name = Debug;
		};
		223267E21AF2661B00431132 /* Release */ = {
			isa = XCBuildConfiguration;
			buildSettings = {
				ALWAYS_SEARCH_USER_PATHS = NO;
				CLANG_CXX_LANGUAGE_STANDARD = "gnu++0x";
				CLANG_CXX_LIBRARY = "libc++";
				CLANG_ENABLE_MODULES = YES;
				CLANG_ENABLE_OBJC_ARC = YES;
				CLANG_WARN_BOOL_CONVERSION = YES;
				CLANG_WARN_CONSTANT_CONVERSION = YES;
				CLANG_WARN_DIRECT_OBJC_ISA_USAGE = YES_ERROR;
				CLANG_WARN_EMPTY_BODY = YES;
				CLANG_WARN_ENUM_CONVERSION = YES;
				CLANG_WARN_INT_CONVERSION = YES;
				CLANG_WARN_OBJC_ROOT_CLASS = YES_ERROR;
				CLANG_WARN_UNREACHABLE_CODE = YES;
				CLANG_WARN__DUPLICATE_METHOD_MATCH = YES;
				"CODE_SIGN_IDENTITY[sdk=iphoneos*]" = "iPhone Developer";
				COPY_PHASE_STRIP = NO;
				DEBUG_INFORMATION_FORMAT = "dwarf-with-dsym";
				ENABLE_NS_ASSERTIONS = NO;
				ENABLE_STRICT_OBJC_MSGSEND = YES;
				GCC_C_LANGUAGE_STANDARD = gnu99;
				GCC_NO_COMMON_BLOCKS = YES;
				GCC_WARN_64_TO_32_BIT_CONVERSION = YES;
				GCC_WARN_ABOUT_RETURN_TYPE = YES_ERROR;
				GCC_WARN_UNDECLARED_SELECTOR = YES;
				GCC_WARN_UNINITIALIZED_AUTOS = YES_AGGRESSIVE;
				GCC_WARN_UNUSED_FUNCTION = YES;
				GCC_WARN_UNUSED_VARIABLE = YES;
				IPHONEOS_DEPLOYMENT_TARGET = 8.3;
				MTL_ENABLE_DEBUG_INFO = NO;
				SDKROOT = iphoneos;
				VALIDATE_PRODUCT = YES;
			};
			name = Release;
		};
		223267E41AF2661B00431132 /* Debug */ = {
			isa = XCBuildConfiguration;
			baseConfigurationReference = 3CB410544CD4D7ABDFD79BB5 /* Pods.debug.xcconfig */;
			buildSettings = {
				ASSETCATALOG_COMPILER_APPICON_NAME = AppIcon;
				FRAMEWORK_SEARCH_PATHS = (
					"$(inherited)",
					"$(SYSTEM_APPS_DIR)/Reveal.app/Contents/SharedSupport/iOS-Libraries",
				);
				INFOPLIST_FILE = Liangxin/Info.plist;
				LD_RUNPATH_SEARCH_PATHS = "$(inherited) @executable_path/Frameworks";
				PRODUCT_NAME = "$(TARGET_NAME)";
			};
			name = Debug;
		};
		223267E51AF2661B00431132 /* Release */ = {
			isa = XCBuildConfiguration;
			baseConfigurationReference = EA660F51A7D667456EB9C6B8 /* Pods.release.xcconfig */;
			buildSettings = {
				ASSETCATALOG_COMPILER_APPICON_NAME = AppIcon;
				FRAMEWORK_SEARCH_PATHS = (
					"$(inherited)",
					"$(SYSTEM_APPS_DIR)/Reveal.app/Contents/SharedSupport/iOS-Libraries",
				);
				INFOPLIST_FILE = Liangxin/Info.plist;
				LD_RUNPATH_SEARCH_PATHS = "$(inherited) @executable_path/Frameworks";
				PRODUCT_NAME = "$(TARGET_NAME)";
			};
			name = Release;
		};
		223267E71AF2661B00431132 /* Debug */ = {
			isa = XCBuildConfiguration;
			buildSettings = {
				BUNDLE_LOADER = "$(TEST_HOST)";
				FRAMEWORK_SEARCH_PATHS = (
					"$(SDKROOT)/Developer/Library/Frameworks",
					"$(inherited)",
				);
				GCC_PREPROCESSOR_DEFINITIONS = (
					"DEBUG=1",
					"$(inherited)",
				);
				INFOPLIST_FILE = LiangxinTests/Info.plist;
				LD_RUNPATH_SEARCH_PATHS = "$(inherited) @executable_path/Frameworks @loader_path/Frameworks";
				PRODUCT_NAME = "$(TARGET_NAME)";
				TEST_HOST = "$(BUILT_PRODUCTS_DIR)/Liangxin.app/Liangxin";
			};
			name = Debug;
		};
		223267E81AF2661B00431132 /* Release */ = {
			isa = XCBuildConfiguration;
			buildSettings = {
				BUNDLE_LOADER = "$(TEST_HOST)";
				FRAMEWORK_SEARCH_PATHS = (
					"$(SDKROOT)/Developer/Library/Frameworks",
					"$(inherited)",
				);
				INFOPLIST_FILE = LiangxinTests/Info.plist;
				LD_RUNPATH_SEARCH_PATHS = "$(inherited) @executable_path/Frameworks @loader_path/Frameworks";
				PRODUCT_NAME = "$(TARGET_NAME)";
				TEST_HOST = "$(BUILT_PRODUCTS_DIR)/Liangxin.app/Liangxin";
			};
			name = Release;
		};
/* End XCBuildConfiguration section */

/* Begin XCConfigurationList section */
		223267BB1AF2661B00431132 /* Build configuration list for PBXProject "Liangxin" */ = {
			isa = XCConfigurationList;
			buildConfigurations = (
				223267E11AF2661B00431132 /* Debug */,
				223267E21AF2661B00431132 /* Release */,
			);
			defaultConfigurationIsVisible = 0;
			defaultConfigurationName = Release;
		};
		223267E31AF2661B00431132 /* Build configuration list for PBXNativeTarget "Liangxin" */ = {
			isa = XCConfigurationList;
			buildConfigurations = (
				223267E41AF2661B00431132 /* Debug */,
				223267E51AF2661B00431132 /* Release */,
			);
			defaultConfigurationIsVisible = 0;
			defaultConfigurationName = Release;
		};
		223267E61AF2661B00431132 /* Build configuration list for PBXNativeTarget "LiangxinTests" */ = {
			isa = XCConfigurationList;
			buildConfigurations = (
				223267E71AF2661B00431132 /* Debug */,
				223267E81AF2661B00431132 /* Release */,
			);
			defaultConfigurationIsVisible = 0;
			defaultConfigurationName = Release;
		};
/* End XCConfigurationList section */
	};
	rootObject = 223267B81AF2661B00431132 /* Project object */;
}
